
Microsoft Visual Studio Solution File, Format Version 12.00
# Visual Studio Version 16
VisualStudioVersion = 16.0.31702.278
MinimumVisualStudioVersion = 10.0.40219.1
Project("{FAE04EC0-301F-11D3-BF4B-00C04F79EFBC}") = "Exercice25", "Exercice25.csproj", "{903DFF78-147F-441A-AF23-8BB09820E3F9}"
EndProject
Global
	GlobalSection(SolutionConfigurationPlatforms) = preSolution
		Debug|Any CPU = Debug|Any CPU
		Release|Any CPU = Release|Any CPU
	EndGlobalSection
	GlobalSection(ProjectConfigurationPlatforms) = postSolution
		{903DFF78-147F-441A-AF23-8BB09820E3F9}.Debug|Any CPU.ActiveCfg = Debug|Any CPU
		{903DFF78-147F-441A-AF23-8BB09820E3F9}.Debug|Any CPU.Build.0 = Debug|Any CPU
		{903DFF78-147F-441A-AF23-8BB09820E3F9}.Release|Any CPU.ActiveCfg = Release|Any CPU
		{903DFF78-147F-441A-AF23-8BB09820E3F9}.Release|Any CPU.Build.0 = Release|Any CPU
	EndGlobalSection
	GlobalSection(SolutionProperties) = preSolution
		HideSolutionNode = FALSE
	EndGlobalSection
	GlobalSection(ExtensibilityGlobals) = postSolution
		SolutionGuid = {BFFA8FD2-232F-4527-A130-260A13F0397D}
	EndGlobalSection
EndGlobal
