
Microsoft Visual Studio Solution File, Format Version 12.00
# Visual Studio Version 16
VisualStudioVersion = 16.0.31702.278
MinimumVisualStudioVersion = 10.0.40219.1
Project("{FAE04EC0-301F-11D3-BF4B-00C04F79EFBC}") = "Exercice4", "Exercice4.csproj", "{B1DD408B-6CA0-4267-8666-649259424DA1}"
EndProject
Global
	GlobalSection(SolutionConfigurationPlatforms) = preSolution
		Debug|Any CPU = Debug|Any CPU
		Release|Any CPU = Release|Any CPU
	EndGlobalSection
	GlobalSection(ProjectConfigurationPlatforms) = postSolution
		{B1DD408B-6CA0-4267-8666-649259424DA1}.Debug|Any CPU.ActiveCfg = Debug|Any CPU
		{B1DD408B-6CA0-4267-8666-649259424DA1}.Debug|Any CPU.Build.0 = Debug|Any CPU
		{B1DD408B-6CA0-4267-8666-649259424DA1}.Release|Any CPU.ActiveCfg = Release|Any CPU
		{B1DD408B-6CA0-4267-8666-649259424DA1}.Release|Any CPU.Build.0 = Release|Any CPU
	EndGlobalSection
	GlobalSection(SolutionProperties) = preSolution
		HideSolutionNode = FALSE
	EndGlobalSection
	GlobalSection(ExtensibilityGlobals) = postSolution
		SolutionGuid = {79E8C978-E750-4DD4-B291-E0E8EE92C79A}
	EndGlobalSection
EndGlobal
