
Microsoft Visual Studio Solution File, Format Version 12.00
# Visual Studio Version 16
VisualStudioVersion = 16.0.32002.261
MinimumVisualStudioVersion = 10.0.40219.1
Project("{FAE04EC0-301F-11D3-BF4B-00C04F79EFBC}") = "Ex54_Signes_du_zodiac", "Ex54_Signes_du_zodiac.csproj", "{98EBADEE-9B63-4EA2-8FF6-D6E5DF946606}"
EndProject
Global
	GlobalSection(SolutionConfigurationPlatforms) = preSolution
		Debug|Any CPU = Debug|Any CPU
		Release|Any CPU = Release|Any CPU
	EndGlobalSection
	GlobalSection(ProjectConfigurationPlatforms) = postSolution
		{98EBADEE-9B63-4EA2-8FF6-D6E5DF946606}.Debug|Any CPU.ActiveCfg = Debug|Any CPU
		{98EBADEE-9B63-4EA2-8FF6-D6E5DF946606}.Debug|Any CPU.Build.0 = Debug|Any CPU
		{98EBADEE-9B63-4EA2-8FF6-D6E5DF946606}.Release|Any CPU.ActiveCfg = Release|Any CPU
		{98EBADEE-9B63-4EA2-8FF6-D6E5DF946606}.Release|Any CPU.Build.0 = Release|Any CPU
	EndGlobalSection
	GlobalSection(SolutionProperties) = preSolution
		HideSolutionNode = FALSE
	EndGlobalSection
	GlobalSection(ExtensibilityGlobals) = postSolution
		SolutionGuid = {3A9D0013-A5A7-486B-B1DF-394C1F3447AC}
	EndGlobalSection
EndGlobal
