
Microsoft Visual Studio Solution File, Format Version 12.00
# Visual Studio Version 16
VisualStudioVersion = 16.0.32002.261
MinimumVisualStudioVersion = 10.0.40219.1
Project("{FAE04EC0-301F-11D3-BF4B-00C04F79EFBC}") = "69_Vie_un_objet", "69_Vie_un_objet.csproj", "{6CFCCAE8-C516-4A04-B89A-8849986AD7E0}"
EndProject
Global
	GlobalSection(SolutionConfigurationPlatforms) = preSolution
		Debug|Any CPU = Debug|Any CPU
		Release|Any CPU = Release|Any CPU
	EndGlobalSection
	GlobalSection(ProjectConfigurationPlatforms) = postSolution
		{6CFCCAE8-C516-4A04-B89A-8849986AD7E0}.Debug|Any CPU.ActiveCfg = Debug|Any CPU
		{6CFCCAE8-C516-4A04-B89A-8849986AD7E0}.Debug|Any CPU.Build.0 = Debug|Any CPU
		{6CFCCAE8-C516-4A04-B89A-8849986AD7E0}.Release|Any CPU.ActiveCfg = Release|Any CPU
		{6CFCCAE8-C516-4A04-B89A-8849986AD7E0}.Release|Any CPU.Build.0 = Release|Any CPU
	EndGlobalSection
	GlobalSection(SolutionProperties) = preSolution
		HideSolutionNode = FALSE
	EndGlobalSection
	GlobalSection(ExtensibilityGlobals) = postSolution
		SolutionGuid = {8CC177EE-8A68-4AA8-9F7F-43C4518AC332}
	EndGlobalSection
EndGlobal
