
Microsoft Visual Studio Solution File, Format Version 12.00
# Visual Studio Version 16
VisualStudioVersion = 16.0.31702.278
MinimumVisualStudioVersion = 10.0.40219.1
Project("{FAE04EC0-301F-11D3-BF4B-00C04F79EFBC}") = "Exercice17", "Exercice17.csproj", "{49008382-0E2C-4AE9-8714-1FBCF72FA5F9}"
EndProject
Global
	GlobalSection(SolutionConfigurationPlatforms) = preSolution
		Debug|Any CPU = Debug|Any CPU
		Release|Any CPU = Release|Any CPU
	EndGlobalSection
	GlobalSection(ProjectConfigurationPlatforms) = postSolution
		{49008382-0E2C-4AE9-8714-1FBCF72FA5F9}.Debug|Any CPU.ActiveCfg = Debug|Any CPU
		{49008382-0E2C-4AE9-8714-1FBCF72FA5F9}.Debug|Any CPU.Build.0 = Debug|Any CPU
		{49008382-0E2C-4AE9-8714-1FBCF72FA5F9}.Release|Any CPU.ActiveCfg = Release|Any CPU
		{49008382-0E2C-4AE9-8714-1FBCF72FA5F9}.Release|Any CPU.Build.0 = Release|Any CPU
	EndGlobalSection
	GlobalSection(SolutionProperties) = preSolution
		HideSolutionNode = FALSE
	EndGlobalSection
	GlobalSection(ExtensibilityGlobals) = postSolution
		SolutionGuid = {23C377DC-B19B-45E3-8E4A-00D982620698}
	EndGlobalSection
EndGlobal
