
Microsoft Visual Studio Solution File, Format Version 12.00
# Visual Studio Version 16
VisualStudioVersion = 16.0.31702.278
MinimumVisualStudioVersion = 10.0.40219.1
Project("{FAE04EC0-301F-11D3-BF4B-00C04F79EFBC}") = "Exercice27", "Exercice27.csproj", "{C28A319D-F057-4515-A4E5-11ADD27383C3}"
EndProject
Global
	GlobalSection(SolutionConfigurationPlatforms) = preSolution
		Debug|Any CPU = Debug|Any CPU
		Release|Any CPU = Release|Any CPU
	EndGlobalSection
	GlobalSection(ProjectConfigurationPlatforms) = postSolution
		{C28A319D-F057-4515-A4E5-11ADD27383C3}.Debug|Any CPU.ActiveCfg = Debug|Any CPU
		{C28A319D-F057-4515-A4E5-11ADD27383C3}.Debug|Any CPU.Build.0 = Debug|Any CPU
		{C28A319D-F057-4515-A4E5-11ADD27383C3}.Release|Any CPU.ActiveCfg = Release|Any CPU
		{C28A319D-F057-4515-A4E5-11ADD27383C3}.Release|Any CPU.Build.0 = Release|Any CPU
	EndGlobalSection
	GlobalSection(SolutionProperties) = preSolution
		HideSolutionNode = FALSE
	EndGlobalSection
	GlobalSection(ExtensibilityGlobals) = postSolution
		SolutionGuid = {5564C570-7358-4E3A-A0AC-9182735C8E0E}
	EndGlobalSection
EndGlobal
