
Microsoft Visual Studio Solution File, Format Version 12.00
# Visual Studio Version 16
VisualStudioVersion = 16.0.31702.278
MinimumVisualStudioVersion = 10.0.40219.1
Project("{FAE04EC0-301F-11D3-BF4B-00C04F79EFBC}") = "Exercice34", "Exercice34.csproj", "{E6C16D47-F5BC-4252-AB10-9E0F70E1A5EB}"
EndProject
Global
	GlobalSection(SolutionConfigurationPlatforms) = preSolution
		Debug|Any CPU = Debug|Any CPU
		Release|Any CPU = Release|Any CPU
	EndGlobalSection
	GlobalSection(ProjectConfigurationPlatforms) = postSolution
		{E6C16D47-F5BC-4252-AB10-9E0F70E1A5EB}.Debug|Any CPU.ActiveCfg = Debug|Any CPU
		{E6C16D47-F5BC-4252-AB10-9E0F70E1A5EB}.Debug|Any CPU.Build.0 = Debug|Any CPU
		{E6C16D47-F5BC-4252-AB10-9E0F70E1A5EB}.Release|Any CPU.ActiveCfg = Release|Any CPU
		{E6C16D47-F5BC-4252-AB10-9E0F70E1A5EB}.Release|Any CPU.Build.0 = Release|Any CPU
	EndGlobalSection
	GlobalSection(SolutionProperties) = preSolution
		HideSolutionNode = FALSE
	EndGlobalSection
	GlobalSection(ExtensibilityGlobals) = postSolution
		SolutionGuid = {417AF53B-221C-4488-B910-1522A6D311C9}
	EndGlobalSection
EndGlobal
