
Microsoft Visual Studio Solution File, Format Version 12.00
# Visual Studio Version 16
VisualStudioVersion = 16.0.31702.278
MinimumVisualStudioVersion = 10.0.40219.1
Project("{9A19103F-16F7-4668-BE54-9A1E7A4F7556}") = "Exercice13", "Exercice13.csproj", "{75AA1134-B2D4-4A6A-A6B5-D6B40FB82642}"
EndProject
Global
	GlobalSection(SolutionConfigurationPlatforms) = preSolution
		Debug|Any CPU = Debug|Any CPU
		Release|Any CPU = Release|Any CPU
	EndGlobalSection
	GlobalSection(ProjectConfigurationPlatforms) = postSolution
		{75AA1134-B2D4-4A6A-A6B5-D6B40FB82642}.Debug|Any CPU.ActiveCfg = Debug|Any CPU
		{75AA1134-B2D4-4A6A-A6B5-D6B40FB82642}.Debug|Any CPU.Build.0 = Debug|Any CPU
		{75AA1134-B2D4-4A6A-A6B5-D6B40FB82642}.Release|Any CPU.ActiveCfg = Release|Any CPU
		{75AA1134-B2D4-4A6A-A6B5-D6B40FB82642}.Release|Any CPU.Build.0 = Release|Any CPU
	EndGlobalSection
	GlobalSection(SolutionProperties) = preSolution
		HideSolutionNode = FALSE
	EndGlobalSection
	GlobalSection(ExtensibilityGlobals) = postSolution
		SolutionGuid = {A4609EF1-C9BF-4B86-B381-6C3077040721}
	EndGlobalSection
EndGlobal
