
Microsoft Visual Studio Solution File, Format Version 12.00
# Visual Studio Version 16
VisualStudioVersion = 16.0.32002.261
MinimumVisualStudioVersion = 10.0.40219.1
Project("{FAE04EC0-301F-11D3-BF4B-00C04F79EFBC}") = "Ex52", "Ex52.csproj", "{5EFAB22E-9F7A-43D1-881E-8D1A5BD8EE91}"
EndProject
Global
	GlobalSection(SolutionConfigurationPlatforms) = preSolution
		Debug|Any CPU = Debug|Any CPU
		Release|Any CPU = Release|Any CPU
	EndGlobalSection
	GlobalSection(ProjectConfigurationPlatforms) = postSolution
		{5EFAB22E-9F7A-43D1-881E-8D1A5BD8EE91}.Debug|Any CPU.ActiveCfg = Debug|Any CPU
		{5EFAB22E-9F7A-43D1-881E-8D1A5BD8EE91}.Debug|Any CPU.Build.0 = Debug|Any CPU
		{5EFAB22E-9F7A-43D1-881E-8D1A5BD8EE91}.Release|Any CPU.ActiveCfg = Release|Any CPU
		{5EFAB22E-9F7A-43D1-881E-8D1A5BD8EE91}.Release|Any CPU.Build.0 = Release|Any CPU
	EndGlobalSection
	GlobalSection(SolutionProperties) = preSolution
		HideSolutionNode = FALSE
	EndGlobalSection
	GlobalSection(ExtensibilityGlobals) = postSolution
		SolutionGuid = {9994A94F-6A8A-4B28-8799-005851A467F5}
	EndGlobalSection
EndGlobal
