
Microsoft Visual Studio Solution File, Format Version 12.00
# Visual Studio Version 16
VisualStudioVersion = 16.0.32002.261
MinimumVisualStudioVersion = 10.0.40219.1
Project("{FAE04EC0-301F-11D3-BF4B-00C04F79EFBC}") = "Exercice39", "Exercice39.csproj", "{D854DBD0-9483-4002-8DAF-8A3CB6D54175}"
EndProject
Global
	GlobalSection(SolutionConfigurationPlatforms) = preSolution
		Debug|Any CPU = Debug|Any CPU
		Release|Any CPU = Release|Any CPU
	EndGlobalSection
	GlobalSection(ProjectConfigurationPlatforms) = postSolution
		{D854DBD0-9483-4002-8DAF-8A3CB6D54175}.Debug|Any CPU.ActiveCfg = Debug|Any CPU
		{D854DBD0-9483-4002-8DAF-8A3CB6D54175}.Debug|Any CPU.Build.0 = Debug|Any CPU
		{D854DBD0-9483-4002-8DAF-8A3CB6D54175}.Release|Any CPU.ActiveCfg = Release|Any CPU
		{D854DBD0-9483-4002-8DAF-8A3CB6D54175}.Release|Any CPU.Build.0 = Release|Any CPU
	EndGlobalSection
	GlobalSection(SolutionProperties) = preSolution
		HideSolutionNode = FALSE
	EndGlobalSection
	GlobalSection(ExtensibilityGlobals) = postSolution
		SolutionGuid = {45F7299E-2906-48E9-A97D-3F4106A6D83E}
	EndGlobalSection
EndGlobal
