
Microsoft Visual Studio Solution File, Format Version 12.00
# Visual Studio Version 16
VisualStudioVersion = 16.0.31702.278
MinimumVisualStudioVersion = 10.0.40219.1
Project("{FAE04EC0-301F-11D3-BF4B-00C04F79EFBC}") = "Exercice21", "Exercice21.csproj", "{5A824B7F-6A8E-4DA0-ADCF-112B065B7C7E}"
EndProject
Global
	GlobalSection(SolutionConfigurationPlatforms) = preSolution
		Debug|Any CPU = Debug|Any CPU
		Release|Any CPU = Release|Any CPU
	EndGlobalSection
	GlobalSection(ProjectConfigurationPlatforms) = postSolution
		{5A824B7F-6A8E-4DA0-ADCF-112B065B7C7E}.Debug|Any CPU.ActiveCfg = Debug|Any CPU
		{5A824B7F-6A8E-4DA0-ADCF-112B065B7C7E}.Debug|Any CPU.Build.0 = Debug|Any CPU
		{5A824B7F-6A8E-4DA0-ADCF-112B065B7C7E}.Release|Any CPU.ActiveCfg = Release|Any CPU
		{5A824B7F-6A8E-4DA0-ADCF-112B065B7C7E}.Release|Any CPU.Build.0 = Release|Any CPU
	EndGlobalSection
	GlobalSection(SolutionProperties) = preSolution
		HideSolutionNode = FALSE
	EndGlobalSection
	GlobalSection(ExtensibilityGlobals) = postSolution
		SolutionGuid = {2F70C7B4-F70B-47B1-A4AF-AEA6271F37DD}
	EndGlobalSection
EndGlobal
