
Microsoft Visual Studio Solution File, Format Version 12.00
# Visual Studio Version 16
VisualStudioVersion = 16.0.32002.261
MinimumVisualStudioVersion = 10.0.40219.1
Project("{FAE04EC0-301F-11D3-BF4B-00C04F79EFBC}") = "Ex65_Manipulation_de_listes", "Ex65_Manipulation_de_listes.csproj", "{0E6DCE6B-54CB-44F7-8619-03F50E5AF803}"
EndProject
Global
	GlobalSection(SolutionConfigurationPlatforms) = preSolution
		Debug|Any CPU = Debug|Any CPU
		Release|Any CPU = Release|Any CPU
	EndGlobalSection
	GlobalSection(ProjectConfigurationPlatforms) = postSolution
		{0E6DCE6B-54CB-44F7-8619-03F50E5AF803}.Debug|Any CPU.ActiveCfg = Debug|Any CPU
		{0E6DCE6B-54CB-44F7-8619-03F50E5AF803}.Debug|Any CPU.Build.0 = Debug|Any CPU
		{0E6DCE6B-54CB-44F7-8619-03F50E5AF803}.Release|Any CPU.ActiveCfg = Release|Any CPU
		{0E6DCE6B-54CB-44F7-8619-03F50E5AF803}.Release|Any CPU.Build.0 = Release|Any CPU
	EndGlobalSection
	GlobalSection(SolutionProperties) = preSolution
		HideSolutionNode = FALSE
	EndGlobalSection
	GlobalSection(ExtensibilityGlobals) = postSolution
		SolutionGuid = {6B4E374B-B161-4103-895D-D345DA6C10DA}
	EndGlobalSection
EndGlobal
