
Microsoft Visual Studio Solution File, Format Version 12.00
# Visual Studio Version 16
VisualStudioVersion = 16.0.32002.261
MinimumVisualStudioVersion = 10.0.40219.1
Project("{FAE04EC0-301F-11D3-BF4B-00C04F79EFBC}") = "Ex42_PremModule", "Ex42_PremModule.csproj", "{90B27274-E917-401B-A19D-26B95DB07D2C}"
EndProject
Global
	GlobalSection(SolutionConfigurationPlatforms) = preSolution
		Debug|Any CPU = Debug|Any CPU
		Release|Any CPU = Release|Any CPU
	EndGlobalSection
	GlobalSection(ProjectConfigurationPlatforms) = postSolution
		{90B27274-E917-401B-A19D-26B95DB07D2C}.Debug|Any CPU.ActiveCfg = Debug|Any CPU
		{90B27274-E917-401B-A19D-26B95DB07D2C}.Debug|Any CPU.Build.0 = Debug|Any CPU
		{90B27274-E917-401B-A19D-26B95DB07D2C}.Release|Any CPU.ActiveCfg = Release|Any CPU
		{90B27274-E917-401B-A19D-26B95DB07D2C}.Release|Any CPU.Build.0 = Release|Any CPU
	EndGlobalSection
	GlobalSection(SolutionProperties) = preSolution
		HideSolutionNode = FALSE
	EndGlobalSection
	GlobalSection(ExtensibilityGlobals) = postSolution
		SolutionGuid = {951F0315-7939-4790-A196-66C194D14547}
	EndGlobalSection
EndGlobal
