
Microsoft Visual Studio Solution File, Format Version 12.00
# Visual Studio Version 16
VisualStudioVersion = 16.0.32002.261
MinimumVisualStudioVersion = 10.0.40219.1
Project("{FAE04EC0-301F-11D3-BF4B-00C04F79EFBC}") = "Exercice37", "Exercice37.csproj", "{B999D194-90E6-4776-8E79-D35A4E8CEB31}"
EndProject
Global
	GlobalSection(SolutionConfigurationPlatforms) = preSolution
		Debug|Any CPU = Debug|Any CPU
		Release|Any CPU = Release|Any CPU
	EndGlobalSection
	GlobalSection(ProjectConfigurationPlatforms) = postSolution
		{B999D194-90E6-4776-8E79-D35A4E8CEB31}.Debug|Any CPU.ActiveCfg = Debug|Any CPU
		{B999D194-90E6-4776-8E79-D35A4E8CEB31}.Debug|Any CPU.Build.0 = Debug|Any CPU
		{B999D194-90E6-4776-8E79-D35A4E8CEB31}.Release|Any CPU.ActiveCfg = Release|Any CPU
		{B999D194-90E6-4776-8E79-D35A4E8CEB31}.Release|Any CPU.Build.0 = Release|Any CPU
	EndGlobalSection
	GlobalSection(SolutionProperties) = preSolution
		HideSolutionNode = FALSE
	EndGlobalSection
	GlobalSection(ExtensibilityGlobals) = postSolution
		SolutionGuid = {0E5CB13A-AF64-4896-9B8C-D4266F92C5C8}
	EndGlobalSection
EndGlobal
