
Microsoft Visual Studio Solution File, Format Version 12.00
# Visual Studio Version 16
VisualStudioVersion = 16.0.31702.278
MinimumVisualStudioVersion = 10.0.40219.1
Project("{FAE04EC0-301F-11D3-BF4B-00C04F79EFBC}") = "Exercice18", "Exercice18.csproj", "{42E00F8C-1795-41ED-924C-C933CBAB1BEB}"
EndProject
Global
	GlobalSection(SolutionConfigurationPlatforms) = preSolution
		Debug|Any CPU = Debug|Any CPU
		Release|Any CPU = Release|Any CPU
	EndGlobalSection
	GlobalSection(ProjectConfigurationPlatforms) = postSolution
		{42E00F8C-1795-41ED-924C-C933CBAB1BEB}.Debug|Any CPU.ActiveCfg = Debug|Any CPU
		{42E00F8C-1795-41ED-924C-C933CBAB1BEB}.Debug|Any CPU.Build.0 = Debug|Any CPU
		{42E00F8C-1795-41ED-924C-C933CBAB1BEB}.Release|Any CPU.ActiveCfg = Release|Any CPU
		{42E00F8C-1795-41ED-924C-C933CBAB1BEB}.Release|Any CPU.Build.0 = Release|Any CPU
	EndGlobalSection
	GlobalSection(SolutionProperties) = preSolution
		HideSolutionNode = FALSE
	EndGlobalSection
	GlobalSection(ExtensibilityGlobals) = postSolution
		SolutionGuid = {B0411C26-5035-4872-AB88-37D383153D08}
	EndGlobalSection
EndGlobal
